
Microsoft Visual Studio Solution File, Format Version 12.00
# Visual Studio Version 17
VisualStudioVersion = 17.12.35527.113 d17.12
MinimumVisualStudioVersion = 10.0.40219.1
Project("{FAE04EC0-301F-11D3-BF4B-00C04F79EFBC}") = "LibreriaEuroFront", "LibreriaEuroFront\LibreriaEuroFront.csproj", "{7219D63C-229B-40E7-9B23-154F020E6568}"
EndProject
Global
	GlobalSection(SolutionConfigurationPlatforms) = preSolution
		Debug|Any CPU = Debug|Any CPU
		Release|Any CPU = Release|Any CPU
	EndGlobalSection
	GlobalSection(ProjectConfigurationPlatforms) = postSolution
		{7219D63C-229B-40E7-9B23-154F020E6568}.Debug|Any CPU.ActiveCfg = Debug|Any CPU
		{7219D63C-229B-40E7-9B23-154F020E6568}.Debug|Any CPU.Build.0 = Debug|Any CPU
		{7219D63C-229B-40E7-9B23-154F020E6568}.Release|Any CPU.ActiveCfg = Release|Any CPU
		{7219D63C-229B-40E7-9B23-154F020E6568}.Release|Any CPU.Build.0 = Release|Any CPU
	EndGlobalSection
	GlobalSection(SolutionProperties) = preSolution
		HideSolutionNode = FALSE
	EndGlobalSection
EndGlobal
